
Microsoft Visual Studio Solution File, Format Version 12.00
Project("{2150E333-8FDC-42A3-9474-1A3956D46DE8}") = "HomeWork.Database", "HomeWork.Database", "{4ED9BFFD-EA82-4E32-B5C0-40EA5D93C03B}"
EndProject
Project("{FAE04EC0-301F-11D3-BF4B-00C04F79EFBC}") = "HomeWork.DataBase.App", "HomeWork.DataBase\HomeWork.DataBase.App\HomeWork.DataBase.App.csproj", "{ED84DB10-3CCC-4263-96AB-217591B692D6}"
EndProject
Project("{FAE04EC0-301F-11D3-BF4B-00C04F79EFBC}") = "HomeWork.DataBase.DataBase", "HomeWork.DataBase\HomeWork.DataBase.DataBase\HomeWork.DataBase.DataBase.csproj", "{71E1308F-3A7A-4C9A-867D-6F60101E6CFF}"
EndProject
Project("{FAE04EC0-301F-11D3-BF4B-00C04F79EFBC}") = "Core", "Core\Core.csproj", "{4EE9AC23-E5CD-434A-B716-82D8547C0D70}"
EndProject
Global
	GlobalSection(SolutionConfigurationPlatforms) = preSolution
		Debug|Any CPU = Debug|Any CPU
		Release|Any CPU = Release|Any CPU
	EndGlobalSection
	GlobalSection(ProjectConfigurationPlatforms) = postSolution
		{ED84DB10-3CCC-4263-96AB-217591B692D6}.Debug|Any CPU.ActiveCfg = Debug|Any CPU
		{ED84DB10-3CCC-4263-96AB-217591B692D6}.Debug|Any CPU.Build.0 = Debug|Any CPU
		{ED84DB10-3CCC-4263-96AB-217591B692D6}.Release|Any CPU.ActiveCfg = Release|Any CPU
		{ED84DB10-3CCC-4263-96AB-217591B692D6}.Release|Any CPU.Build.0 = Release|Any CPU
		{71E1308F-3A7A-4C9A-867D-6F60101E6CFF}.Debug|Any CPU.ActiveCfg = Debug|Any CPU
		{71E1308F-3A7A-4C9A-867D-6F60101E6CFF}.Debug|Any CPU.Build.0 = Debug|Any CPU
		{71E1308F-3A7A-4C9A-867D-6F60101E6CFF}.Release|Any CPU.ActiveCfg = Release|Any CPU
		{71E1308F-3A7A-4C9A-867D-6F60101E6CFF}.Release|Any CPU.Build.0 = Release|Any CPU
		{4EE9AC23-E5CD-434A-B716-82D8547C0D70}.Debug|Any CPU.ActiveCfg = Debug|Any CPU
		{4EE9AC23-E5CD-434A-B716-82D8547C0D70}.Debug|Any CPU.Build.0 = Debug|Any CPU
		{4EE9AC23-E5CD-434A-B716-82D8547C0D70}.Release|Any CPU.ActiveCfg = Release|Any CPU
		{4EE9AC23-E5CD-434A-B716-82D8547C0D70}.Release|Any CPU.Build.0 = Release|Any CPU
	EndGlobalSection
	GlobalSection(NestedProjects) = preSolution
		{ED84DB10-3CCC-4263-96AB-217591B692D6} = {4ED9BFFD-EA82-4E32-B5C0-40EA5D93C03B}
		{71E1308F-3A7A-4C9A-867D-6F60101E6CFF} = {4ED9BFFD-EA82-4E32-B5C0-40EA5D93C03B}
	EndGlobalSection
EndGlobal
